{
    "version": 3,
    "terraform_version": "0.11.5",
    "serial": 10,
    "lineage": "540524fb-e55e-4779-1256-1a493fb1ccfd",
    "modules": [
        {
            "path": [
                "root"
            ],
            "outputs": {},
            "resources": {
                "aws_eip.ip": {
                    "type": "aws_eip",
                    "depends_on": [
                        "aws_instance.terraform_tutorial"
                    ],
                    "primary": {
                        "id": "eipalloc-6cf18165",
                        "attributes": {
                            "association_id": "eipassoc-1bd321a3",
                            "domain": "vpc",
                            "id": "eipalloc-6cf18165",
                            "instance": "i-02208dcf6a7524970",
                            "network_interface": "eni-2d4459be",
                            "private_ip": "172.31.95.60",
                            "public_ip": "18.233.70.210",
                            "tags.%": "0",
                            "vpc": "true"
                        },
                        "meta": {
                            "e2bfb730-ecaa-11e6-8f88-34363bc7c4c0": {
                                "delete": 180000000000,
                                "read": 900000000000,
                                "update": 300000000000
                            }
                        },
                        "tainted": false
                    },
                    "deposed": [],
                    "provider": "provider.aws"
                },
                "aws_instance.terraform_tutorial": {
                    "type": "aws_instance",
                    "depends_on": [],
                    "primary": {
                        "id": "i-02208dcf6a7524970",
                        "attributes": {
                            "ami": "ami-b374d5a5",
                            "associate_public_ip_address": "true",
                            "availability_zone": "us-east-1d",
                            "disable_api_termination": "false",
                            "ebs_block_device.#": "0",
                            "ebs_optimized": "false",
                            "ephemeral_block_device.#": "0",
                            "get_password_data": "false",
                            "iam_instance_profile": "",
                            "id": "i-02208dcf6a7524970",
                            "instance_state": "running",
                            "instance_type": "t2.micro",
                            "ipv6_addresses.#": "0",
                            "key_name": "",
                            "monitoring": "false",
                            "network_interface.#": "0",
                            "network_interface_id": "eni-2d4459be",
                            "password_data": "",
                            "placement_group": "",
                            "primary_network_interface_id": "eni-2d4459be",
                            "private_dns": "ip-172-31-95-60.ec2.internal",
                            "private_ip": "172.31.95.60",
                            "public_dns": "ec2-18-233-70-210.compute-1.amazonaws.com",
                            "public_ip": "18.233.70.210",
                            "root_block_device.#": "1",
                            "root_block_device.0.delete_on_termination": "true",
                            "root_block_device.0.iops": "100",
                            "root_block_device.0.volume_id": "vol-02320673a6dbf0e18",
                            "root_block_device.0.volume_size": "8",
                            "root_block_device.0.volume_type": "gp2",
                            "security_groups.#": "1",
                            "security_groups.3814588639": "default",
                            "source_dest_check": "true",
                            "subnet_id": "subnet-27d3570b",
                            "tags.%": "1",
                            "tags.Name": "terraform_tutorial_new",
                            "tenancy": "default",
                            "volume_tags.%": "0",
                            "vpc_security_group_ids.#": "1",
                            "vpc_security_group_ids.2660079633": "sg-5bcd4a2a"
                        },
                        "meta": {
                            "e2bfb730-ecaa-11e6-8f88-34363bc7c4c0": {
                                "create": 600000000000,
                                "delete": 1200000000000,
                                "update": 600000000000
                            },
                            "schema_version": "1"
                        },
                        "tainted": false
                    },
                    "deposed": [],
                    "provider": "provider.aws"
                }
            },
            "depends_on": []
        }
    ]
}
