{
    "version": 3,
    "terraform_version": "0.11.5",
    "serial": 20,
    "lineage": "540524fb-e55e-4779-1256-1a493fb1ccfd",
    "modules": [
        {
            "path": [
                "root"
            ],
            "outputs": {},
            "resources": {
                "aws_eip.ip": {
                    "type": "aws_eip",
                    "depends_on": [
                        "aws_instance.terraform_tutorial_new"
                    ],
                    "primary": {
                        "id": "eipalloc-85dad28c",
                        "attributes": {
                            "association_id": "",
                            "domain": "vpc",
                            "id": "eipalloc-85dad28c",
                            "instance": "",
                            "network_interface": "",
                            "private_ip": "",
                            "public_ip": "18.204.102.23",
                            "tags.%": "0",
                            "vpc": "true"
                        },
                        "meta": {
                            "e2bfb730-ecaa-11e6-8f88-34363bc7c4c0": {
                                "delete": 180000000000,
                                "read": 900000000000,
                                "update": 300000000000
                            }
                        },
                        "tainted": false
                    },
                    "deposed": [],
                    "provider": "provider.aws"
                }
            },
            "depends_on": []
        }
    ]
}
